
Microsoft Visual Studio Solution File, Format Version 12.00
# Visual Studio Version 17
VisualStudioVersion = 17.4.33205.214
MinimumVisualStudioVersion = 10.0.40219.1
Project("{FAE04EC0-301F-11D3-BF4B-00C04F79EFBC}") = "Home work 26.05.2023", "Home work 26.05.2023\Home work 26.05.2023.csproj", "{1460B9FE-61A8-44A2-8DB3-96C46AE88942}"
EndProject
Global
	GlobalSection(SolutionConfigurationPlatforms) = preSolution
		Debug|Any CPU = Debug|Any CPU
		Release|Any CPU = Release|Any CPU
	EndGlobalSection
	GlobalSection(ProjectConfigurationPlatforms) = postSolution
		{1460B9FE-61A8-44A2-8DB3-96C46AE88942}.Debug|Any CPU.ActiveCfg = Debug|Any CPU
		{1460B9FE-61A8-44A2-8DB3-96C46AE88942}.Debug|Any CPU.Build.0 = Debug|Any CPU
		{1460B9FE-61A8-44A2-8DB3-96C46AE88942}.Release|Any CPU.ActiveCfg = Release|Any CPU
		{1460B9FE-61A8-44A2-8DB3-96C46AE88942}.Release|Any CPU.Build.0 = Release|Any CPU
	EndGlobalSection
	GlobalSection(SolutionProperties) = preSolution
		HideSolutionNode = FALSE
	EndGlobalSection
	GlobalSection(ExtensibilityGlobals) = postSolution
		SolutionGuid = {97CA4A4D-9B00-407C-893B-B5A984435D94}
	EndGlobalSection
EndGlobal
